
Microsoft Visual Studio Solution File, Format Version 12.00
# Visual Studio 15
VisualStudioVersion = 15.0.27130.2003
MinimumVisualStudioVersion = 10.0.40219.1
Project("{9A19103F-16F7-4668-BE54-9A1E7A4F7556}") = "Exercises", "Exercises\Exercises.csproj", "{7A6EC026-3027-4214-BA4C-628E5A1C9729}"
EndProject
Project("{9A19103F-16F7-4668-BE54-9A1E7A4F7556}") = "TodoList", "TodoList\TodoList.csproj", "{4EAEDE2A-7E66-4AA6-A3AF-A37C77240069}"
EndProject
Project("{9A19103F-16F7-4668-BE54-9A1E7A4F7556}") = "Ciqual", "Ciqual\Ciqual.csproj", "{4A9E6280-60BC-4CC9-84E1-D8A756E74243}"
EndProject
Project("{FAE04EC0-301F-11D3-BF4B-00C04F79EFBC}") = "CiqualAPI", "CiqualAPI\CiqualAPI.csproj", "{2481F23C-F1D2-4AC3-9EC1-7F8A260EBE9E}"
EndProject
Global
	GlobalSection(SolutionConfigurationPlatforms) = preSolution
		Debug|Any CPU = Debug|Any CPU
		Release|Any CPU = Release|Any CPU
	EndGlobalSection
	GlobalSection(ProjectConfigurationPlatforms) = postSolution
		{7A6EC026-3027-4214-BA4C-628E5A1C9729}.Debug|Any CPU.ActiveCfg = Debug|Any CPU
		{7A6EC026-3027-4214-BA4C-628E5A1C9729}.Debug|Any CPU.Build.0 = Debug|Any CPU
		{7A6EC026-3027-4214-BA4C-628E5A1C9729}.Release|Any CPU.ActiveCfg = Release|Any CPU
		{7A6EC026-3027-4214-BA4C-628E5A1C9729}.Release|Any CPU.Build.0 = Release|Any CPU
		{4EAEDE2A-7E66-4AA6-A3AF-A37C77240069}.Debug|Any CPU.ActiveCfg = Debug|Any CPU
		{4EAEDE2A-7E66-4AA6-A3AF-A37C77240069}.Debug|Any CPU.Build.0 = Debug|Any CPU
		{4EAEDE2A-7E66-4AA6-A3AF-A37C77240069}.Release|Any CPU.ActiveCfg = Release|Any CPU
		{4EAEDE2A-7E66-4AA6-A3AF-A37C77240069}.Release|Any CPU.Build.0 = Release|Any CPU
		{4A9E6280-60BC-4CC9-84E1-D8A756E74243}.Debug|Any CPU.ActiveCfg = Debug|Any CPU
		{4A9E6280-60BC-4CC9-84E1-D8A756E74243}.Debug|Any CPU.Build.0 = Debug|Any CPU
		{4A9E6280-60BC-4CC9-84E1-D8A756E74243}.Release|Any CPU.ActiveCfg = Release|Any CPU
		{4A9E6280-60BC-4CC9-84E1-D8A756E74243}.Release|Any CPU.Build.0 = Release|Any CPU
		{2481F23C-F1D2-4AC3-9EC1-7F8A260EBE9E}.Debug|Any CPU.ActiveCfg = Debug|Any CPU
		{2481F23C-F1D2-4AC3-9EC1-7F8A260EBE9E}.Debug|Any CPU.Build.0 = Debug|Any CPU
		{2481F23C-F1D2-4AC3-9EC1-7F8A260EBE9E}.Release|Any CPU.ActiveCfg = Release|Any CPU
		{2481F23C-F1D2-4AC3-9EC1-7F8A260EBE9E}.Release|Any CPU.Build.0 = Release|Any CPU
	EndGlobalSection
	GlobalSection(SolutionProperties) = preSolution
		HideSolutionNode = FALSE
	EndGlobalSection
	GlobalSection(ExtensibilityGlobals) = postSolution
		SolutionGuid = {A7B9B2A8-568D-44B6-9E6F-4C2272B5D230}
	EndGlobalSection
EndGlobal
